
Microsoft Visual Studio Solution File, Format Version 12.00
# Visual Studio Version 16
VisualStudioVersion = 16.0.30804.86
MinimumVisualStudioVersion = 10.0.40219.1
Project("{FAE04EC0-301F-11D3-BF4B-00C04F79EFBC}") = "SunCare", "SunCare\SunCare.csproj", "{522C5C02-2A73-49AE-BCAC-9D8E113DE785}"
EndProject
Global
	GlobalSection(SolutionConfigurationPlatforms) = preSolution
		Debug|Any CPU = Debug|Any CPU
		Release|Any CPU = Release|Any CPU
	EndGlobalSection
	GlobalSection(ProjectConfigurationPlatforms) = postSolution
		{522C5C02-2A73-49AE-BCAC-9D8E113DE785}.Debug|Any CPU.ActiveCfg = Debug|Any CPU
		{522C5C02-2A73-49AE-BCAC-9D8E113DE785}.Debug|Any CPU.Build.0 = Debug|Any CPU
		{522C5C02-2A73-49AE-BCAC-9D8E113DE785}.Release|Any CPU.ActiveCfg = Release|Any CPU
		{522C5C02-2A73-49AE-BCAC-9D8E113DE785}.Release|Any CPU.Build.0 = Release|Any CPU
	EndGlobalSection
	GlobalSection(SolutionProperties) = preSolution
		HideSolutionNode = FALSE
	EndGlobalSection
	GlobalSection(ExtensibilityGlobals) = postSolution
		SolutionGuid = {F4890B4E-53F5-4D3F-B124-3B4CAF883934}
	EndGlobalSection
EndGlobal
